
Microsoft Visual Studio Solution File, Format Version 12.00
# Visual Studio Version 16
VisualStudioVersion = 16.0.30128.74
MinimumVisualStudioVersion = 10.0.40219.1
Project("{FAE04EC0-301F-11D3-BF4B-00C04F79EFBC}") = "TzHash", "TzHash\TzHash.csproj", "{A5523BF1-4E66-43F9-805E-C713ECCD8298}"
EndProject
Project("{FAE04EC0-301F-11D3-BF4B-00C04F79EFBC}") = "TzHash.UnitTests", "TzHash.UnitTests\TzHash.UnitTests.csproj", "{C6DE1FFE-33B2-4338-9FB4-79944E9CBE7A}"
EndProject
Global
	GlobalSection(SolutionConfigurationPlatforms) = preSolution
		Debug|Any CPU = Debug|Any CPU
		Release|Any CPU = Release|Any CPU
	EndGlobalSection
	GlobalSection(ProjectConfigurationPlatforms) = postSolution
		{A5523BF1-4E66-43F9-805E-C713ECCD8298}.Debug|Any CPU.ActiveCfg = Debug|Any CPU
		{A5523BF1-4E66-43F9-805E-C713ECCD8298}.Debug|Any CPU.Build.0 = Debug|Any CPU
		{A5523BF1-4E66-43F9-805E-C713ECCD8298}.Release|Any CPU.ActiveCfg = Release|Any CPU
		{A5523BF1-4E66-43F9-805E-C713ECCD8298}.Release|Any CPU.Build.0 = Release|Any CPU
		{C6DE1FFE-33B2-4338-9FB4-79944E9CBE7A}.Debug|Any CPU.ActiveCfg = Debug|Any CPU
		{C6DE1FFE-33B2-4338-9FB4-79944E9CBE7A}.Debug|Any CPU.Build.0 = Debug|Any CPU
		{C6DE1FFE-33B2-4338-9FB4-79944E9CBE7A}.Release|Any CPU.ActiveCfg = Release|Any CPU
		{C6DE1FFE-33B2-4338-9FB4-79944E9CBE7A}.Release|Any CPU.Build.0 = Release|Any CPU
	EndGlobalSection
	GlobalSection(SolutionProperties) = preSolution
		HideSolutionNode = FALSE
	EndGlobalSection
	GlobalSection(ExtensibilityGlobals) = postSolution
		SolutionGuid = {1AAF24FB-BA0F-4B8E-A11C-F47B94DE8C06}
	EndGlobalSection
EndGlobal
